// !$*UTF8*$!
{
	archiveVersion = 1;
	classes = {
	};
	objectVersion = 46;
	objects = {

/* Begin PBXBuildFile section */
		265DBF151E12D0C50088942E /* PartyCell.swift in Sources */ = {isa = PBXBuildFile; fileRef = 265DBF141E12D0C50088942E /* PartyCell.swift */; };
		26CD1CF11E0D9B9A001C3181 /* AppDelegate.swift in Sources */ = {isa = PBXBuildFile; fileRef = 26CD1CF01E0D9B9A001C3181 /* AppDelegate.swift */; };
		26CD1CF31E0D9B9A001C3181 /* MainVC.swift in Sources */ = {isa = PBXBuildFile; fileRef = 26CD1CF21E0D9B9A001C3181 /* MainVC.swift */; };
		26CD1CF61E0D9B9A001C3181 /* Main.storyboard in Resources */ = {isa = PBXBuildFile; fileRef = 26CD1CF41E0D9B9A001C3181 /* Main.storyboard */; };
		26CD1CF81E0D9B9A001C3181 /* Assets.xcassets in Resources */ = {isa = PBXBuildFile; fileRef = 26CD1CF71E0D9B9A001C3181 /* Assets.xcassets */; };
		26CD1CFB1E0D9B9A001C3181 /* LaunchScreen.storyboard in Resources */ = {isa = PBXBuildFile; fileRef = 26CD1CF91E0D9B9A001C3181 /* LaunchScreen.storyboard */; };
		26CD1D061E0D9B9A001C3181 /* tableSegueTests.swift in Sources */ = {isa = PBXBuildFile; fileRef = 26CD1D051E0D9B9A001C3181 /* tableSegueTests.swift */; };
		26CD1D111E0D9B9A001C3181 /* tableSegueUITests.swift in Sources */ = {isa = PBXBuildFile; fileRef = 26CD1D101E0D9B9A001C3181 /* tableSegueUITests.swift */; };
/* End PBXBuildFile section */

/* Begin PBXContainerItemProxy section */
		26CD1D021E0D9B9A001C3181 /* PBXContainerItemProxy */ = {
			isa = PBXContainerItemProxy;
			containerPortal = 26CD1CE51E0D9B9A001C3181 /* Project object */;
			proxyType = 1;
			remoteGlobalIDString = 26CD1CEC1E0D9B9A001C3181;
			remoteInfo = tableSegue;
		};
		26CD1D0D1E0D9B9A001C3181 /* PBXContainerItemProxy */ = {
			isa = PBXContainerItemProxy;
			containerPortal = 26CD1CE51E0D9B9A001C3181 /* Project object */;
			proxyType = 1;
			remoteGlobalIDString = 26CD1CEC1E0D9B9A001C3181;
			remoteInfo = tableSegue;
		};
/* End PBXContainerItemProxy section */

/* Begin PBXFileReference section */
		265DBF141E12D0C50088942E /* PartyCell.swift */ = {isa = PBXFileReference; fileEncoding = 4; lastKnownFileType = sourcecode.swift; path = PartyCell.swift; sourceTree = "<group>"; };
		26CD1CED1E0D9B9A001C3181 /* tableSegue.app */ = {isa = PBXFileReference; explicitFileType = wrapper.application; includeInIndex = 0; path = tableSegue.app; sourceTree = BUILT_PRODUCTS_DIR; };
		26CD1CF01E0D9B9A001C3181 /* AppDelegate.swift */ = {isa = PBXFileReference; lastKnownFileType = sourcecode.swift; path = AppDelegate.swift; sourceTree = "<group>"; };
		26CD1CF21E0D9B9A001C3181 /* MainVC.swift */ = {isa = PBXFileReference; lastKnownFileType = sourcecode.swift; name = MainVC.swift; path = tableSegue/MainVC.swift; sourceTree = "<group>"; };
		26CD1CF51E0D9B9A001C3181 /* Base */ = {isa = PBXFileReference; lastKnownFileType = file.storyboard; name = Base; path = Base.lproj/Main.storyboard; sourceTree = "<group>"; };
		26CD1CF71E0D9B9A001C3181 /* Assets.xcassets */ = {isa = PBXFileReference; lastKnownFileType = folder.assetcatalog; path = Assets.xcassets; sourceTree = "<group>"; };
		26CD1CFA1E0D9B9A001C3181 /* Base */ = {isa = PBXFileReference; lastKnownFileType = file.storyboard; name = Base; path = Base.lproj/LaunchScreen.storyboard; sourceTree = "<group>"; };
		26CD1CFC1E0D9B9A001C3181 /* Info.plist */ = {isa = PBXFileReference; lastKnownFileType = text.plist.xml; path = Info.plist; sourceTree = "<group>"; };
		26CD1D011E0D9B9A001C3181 /* tableSegueTests.xctest */ = {isa = PBXFileReference; explicitFileType = wrapper.cfbundle; includeInIndex = 0; path = tableSegueTests.xctest; sourceTree = BUILT_PRODUCTS_DIR; };
		26CD1D051E0D9B9A001C3181 /* tableSegueTests.swift */ = {isa = PBXFileReference; lastKnownFileType = sourcecode.swift; path = tableSegueTests.swift; sourceTree = "<group>"; };
		26CD1D071E0D9B9A001C3181 /* Info.plist */ = {isa = PBXFileReference; lastKnownFileType = text.plist.xml; path = Info.plist; sourceTree = "<group>"; };
		26CD1D0C1E0D9B9A001C3181 /* tableSegueUITests.xctest */ = {isa = PBXFileReference; explicitFileType = wrapper.cfbundle; includeInIndex = 0; path = tableSegueUITests.xctest; sourceTree = BUILT_PRODUCTS_DIR; };
		26CD1D101E0D9B9A001C3181 /* tableSegueUITests.swift */ = {isa = PBXFileReference; lastKnownFileType = sourcecode.swift; path = tableSegueUITests.swift; sourceTree = "<group>"; };
		26CD1D121E0D9B9A001C3181 /* Info.plist */ = {isa = PBXFileReference; lastKnownFileType = text.plist.xml; path = Info.plist; sourceTree = "<group>"; };
/* End PBXFileReference section */

/* Begin PBXFrameworksBuildPhase section */
		26CD1CEA1E0D9B9A001C3181 /* Frameworks */ = {
			isa = PBXFrameworksBuildPhase;
			buildActionMask = 2147483647;
			files = (
			);
			runOnlyForDeploymentPostprocessing = 0;
		};
		26CD1CFE1E0D9B9A001C3181 /* Frameworks */ = {
			isa = PBXFrameworksBuildPhase;
			buildActionMask = 2147483647;
			files = (
			);
			runOnlyForDeploymentPostprocessing = 0;
		};
		26CD1D091E0D9B9A001C3181 /* Frameworks */ = {
			isa = PBXFrameworksBuildPhase;
			buildActionMask = 2147483647;
			files = (
			);
			runOnlyForDeploymentPostprocessing = 0;
		};
/* End PBXFrameworksBuildPhase section */

/* Begin PBXGroup section */
		265DBF111E12CF4B0088942E /* Model */ = {
			isa = PBXGroup;
			children = (
			);
			name = Model;
			sourceTree = "<group>";
		};
		265DBF121E12CF590088942E /* View */ = {
			isa = PBXGroup;
			children = (
				265DBF141E12D0C50088942E /* PartyCell.swift */,
			);
			name = View;
			sourceTree = "<group>";
		};
		265DBF131E12CF630088942E /* Controller */ = {
			isa = PBXGroup;
			children = (
				26CD1CF21E0D9B9A001C3181 /* MainVC.swift */,
			);
			name = Controller;
			sourceTree = "<group>";
		};
		26CD1CE41E0D9B9A001C3181 = {
			isa = PBXGroup;
			children = (
				265DBF131E12CF630088942E /* Controller */,
				265DBF121E12CF590088942E /* View */,
				265DBF111E12CF4B0088942E /* Model */,
				26CD1CEF1E0D9B9A001C3181 /* tableSegue */,
				26CD1D041E0D9B9A001C3181 /* tableSegueTests */,
				26CD1D0F1E0D9B9A001C3181 /* tableSegueUITests */,
				26CD1CEE1E0D9B9A001C3181 /* Products */,
			);
			sourceTree = "<group>";
		};
		26CD1CEE1E0D9B9A001C3181 /* Products */ = {
			isa = PBXGroup;
			children = (
				26CD1CED1E0D9B9A001C3181 /* tableSegue.app */,
				26CD1D011E0D9B9A001C3181 /* tableSegueTests.xctest */,
				26CD1D0C1E0D9B9A001C3181 /* tableSegueUITests.xctest */,
			);
			name = Products;
			sourceTree = "<group>";
		};
		26CD1CEF1E0D9B9A001C3181 /* tableSegue */ = {
			isa = PBXGroup;
			children = (
				26CD1CF01E0D9B9A001C3181 /* AppDelegate.swift */,
				26CD1CF41E0D9B9A001C3181 /* Main.storyboard */,
				26CD1CF71E0D9B9A001C3181 /* Assets.xcassets */,
				26CD1CF91E0D9B9A001C3181 /* LaunchScreen.storyboard */,
				26CD1CFC1E0D9B9A001C3181 /* Info.plist */,
			);
			path = tableSegue;
			sourceTree = "<group>";
		};
		26CD1D041E0D9B9A001C3181 /* tableSegueTests */ = {
			isa = PBXGroup;
			children = (
				26CD1D051E0D9B9A001C3181 /* tableSegueTests.swift */,
				26CD1D071E0D9B9A001C3181 /* Info.plist */,
			);
			path = tableSegueTests;
			sourceTree = "<group>";
		};
		26CD1D0F1E0D9B9A001C3181 /* tableSegueUITests */ = {
			isa = PBXGroup;
			children = (
				26CD1D101E0D9B9A001C3181 /* tableSegueUITests.swift */,
				26CD1D121E0D9B9A001C3181 /* Info.plist */,
			);
			path = tableSegueUITests;
			sourceTree = "<group>";
		};
/* End PBXGroup section */

/* Begin PBXNativeTarget section */
		26CD1CEC1E0D9B9A001C3181 /* tableSegue */ = {
			isa = PBXNativeTarget;
			buildConfigurationList = 26CD1D151E0D9B9A001C3181 /* Build configuration list for PBXNativeTarget "tableSegue" */;
			buildPhases = (
				26CD1CE91E0D9B9A001C3181 /* Sources */,
				26CD1CEA1E0D9B9A001C3181 /* Frameworks */,
				26CD1CEB1E0D9B9A001C3181 /* Resources */,
			);
			buildRules = (
			);
			dependencies = (
			);
			name = tableSegue;
			productName = tableSegue;
			productReference = 26CD1CED1E0D9B9A001C3181 /* tableSegue.app */;
			productType = "com.apple.product-type.application";
		};
		26CD1D001E0D9B9A001C3181 /* tableSegueTests */ = {
			isa = PBXNativeTarget;
			buildConfigurationList = 26CD1D181E0D9B9A001C3181 /* Build configuration list for PBXNativeTarget "tableSegueTests" */;
			buildPhases = (
				26CD1CFD1E0D9B9A001C3181 /* Sources */,
				26CD1CFE1E0D9B9A001C3181 /* Frameworks */,
				26CD1CFF1E0D9B9A001C3181 /* Resources */,
			);
			buildRules = (
			);
			dependencies = (
				26CD1D031E0D9B9A001C3181 /* PBXTargetDependency */,
			);
			name = tableSegueTests;
			productName = tableSegueTests;
			productReference = 26CD1D011E0D9B9A001C3181 /* tableSegueTests.xctest */;
			productType = "com.apple.product-type.bundle.unit-test";
		};
		26CD1D0B1E0D9B9A001C3181 /* tableSegueUITests */ = {
			isa = PBXNativeTarget;
			buildConfigurationList = 26CD1D1B1E0D9B9A001C3181 /* Build configuration list for PBXNativeTarget "tableSegueUITests" */;
			buildPhases = (
				26CD1D081E0D9B9A001C3181 /* Sources */,
				26CD1D091E0D9B9A001C3181 /* Frameworks */,
				26CD1D0A1E0D9B9A001C3181 /* Resources */,
			);
			buildRules = (
			);
			dependencies = (
				26CD1D0E1E0D9B9A001C3181 /* PBXTargetDependency */,
			);
			name = tableSegueUITests;
			productName = tableSegueUITests;
			productReference = 26CD1D0C1E0D9B9A001C3181 /* tableSegueUITests.xctest */;
			productType = "com.apple.product-type.bundle.ui-testing";
		};
/* End PBXNativeTarget section */

/* Begin PBXProject section */
		26CD1CE51E0D9B9A001C3181 /* Project object */ = {
			isa = PBXProject;
			attributes = {
				LastSwiftUpdateCheck = 0810;
				LastUpgradeCheck = 0810;
				ORGANIZATIONNAME = "sane men";
				TargetAttributes = {
					26CD1CEC1E0D9B9A001C3181 = {
						CreatedOnToolsVersion = 8.1;
						ProvisioningStyle = Automatic;
					};
					26CD1D001E0D9B9A001C3181 = {
						CreatedOnToolsVersion = 8.1;
						ProvisioningStyle = Automatic;
						TestTargetID = 26CD1CEC1E0D9B9A001C3181;
					};
					26CD1D0B1E0D9B9A001C3181 = {
						CreatedOnToolsVersion = 8.1;
						ProvisioningStyle = Automatic;
						TestTargetID = 26CD1CEC1E0D9B9A001C3181;
					};
				};
			};
			buildConfigurationList = 26CD1CE81E0D9B9A001C3181 /* Build configuration list for PBXProject "tableSegue" */;
			compatibilityVersion = "Xcode 3.2";
			developmentRegion = English;
			hasScannedForEncodings = 0;
			knownRegions = (
				en,
				Base,
			);
			mainGroup = 26CD1CE41E0D9B9A001C3181;
			productRefGroup = 26CD1CEE1E0D9B9A001C3181 /* Products */;
			projectDirPath = "";
			projectRoot = "";
			targets = (
				26CD1CEC1E0D9B9A001C3181 /* tableSegue */,
				26CD1D001E0D9B9A001C3181 /* tableSegueTests */,
				26CD1D0B1E0D9B9A001C3181 /* tableSegueUITests */,
			);
		};
/* End PBXProject section */

/* Begin PBXResourcesBuildPhase section */
		26CD1CEB1E0D9B9A001C3181 /* Resources */ = {
			isa = PBXResourcesBuildPhase;
			buildActionMask = 2147483647;
			files = (
				26CD1CFB1E0D9B9A001C3181 /* LaunchScreen.storyboard in Resources */,
				26CD1CF81E0D9B9A001C3181 /* Assets.xcassets in Resources */,
				26CD1CF61E0D9B9A001C3181 /* Main.storyboard in Resources */,
			);
			runOnlyForDeploymentPostprocessing = 0;
		};
		26CD1CFF1E0D9B9A001C3181 /* Resources */ = {
			isa = PBXResourcesBuildPhase;
			buildActionMask = 2147483647;
			files = (
			);
			runOnlyForDeploymentPostprocessing = 0;
		};
		26CD1D0A1E0D9B9A001C3181 /* Resources */ = {
			isa = PBXResourcesBuildPhase;
			buildActionMask = 2147483647;
			files = (
			);
			runOnlyForDeploymentPostprocessing = 0;
		};
/* End PBXResourcesBuildPhase section */

/* Begin PBXSourcesBuildPhase section */
		26CD1CE91E0D9B9A001C3181 /* Sources */ = {
			isa = PBXSourcesBuildPhase;
			buildActionMask = 2147483647;
			files = (
				26CD1CF31E0D9B9A001C3181 /* MainVC.swift in Sources */,
				26CD1CF11E0D9B9A001C3181 /* AppDelegate.swift in Sources */,
				265DBF151E12D0C50088942E /* PartyCell.swift in Sources */,
			);
			runOnlyForDeploymentPostprocessing = 0;
		};
		26CD1CFD1E0D9B9A001C3181 /* Sources */ = {
			isa = PBXSourcesBuildPhase;
			buildActionMask = 2147483647;
			files = (
				26CD1D061E0D9B9A001C3181 /* tableSegueTests.swift in Sources */,
			);
			runOnlyForDeploymentPostprocessing = 0;
		};
		26CD1D081E0D9B9A001C3181 /* Sources */ = {
			isa = PBXSourcesBuildPhase;
			buildActionMask = 2147483647;
			files = (
				26CD1D111E0D9B9A001C3181 /* tableSegueUITests.swift in Sources */,
			);
			runOnlyForDeploymentPostprocessing = 0;
		};
/* End PBXSourcesBuildPhase section */

/* Begin PBXTargetDependency section */
		26CD1D031E0D9B9A001C3181 /* PBXTargetDependency */ = {
			isa = PBXTargetDependency;
			target = 26CD1CEC1E0D9B9A001C3181 /* tableSegue */;
			targetProxy = 26CD1D021E0D9B9A001C3181 /* PBXContainerItemProxy */;
		};
		26CD1D0E1E0D9B9A001C3181 /* PBXTargetDependency */ = {
			isa = PBXTargetDependency;
			target = 26CD1CEC1E0D9B9A001C3181 /* tableSegue */;
			targetProxy = 26CD1D0D1E0D9B9A001C3181 /* PBXContainerItemProxy */;
		};
/* End PBXTargetDependency section */

/* Begin PBXVariantGroup section */
		26CD1CF41E0D9B9A001C3181 /* Main.storyboard */ = {
			isa = PBXVariantGroup;
			children = (
				26CD1CF51E0D9B9A001C3181 /* Base */,
			);
			name = Main.storyboard;
			sourceTree = "<group>";
		};
		26CD1CF91E0D9B9A001C3181 /* LaunchScreen.storyboard */ = {
			isa = PBXVariantGroup;
			children = (
				26CD1CFA1E0D9B9A001C3181 /* Base */,
			);
			name = LaunchScreen.storyboard;
			sourceTree = "<group>";
		};
/* End PBXVariantGroup section */

/* Begin XCBuildConfiguration section */
		26CD1D131E0D9B9A001C3181 /* Debug */ = {
			isa = XCBuildConfiguration;
			buildSettings = {
				ALWAYS_SEARCH_USER_PATHS = NO;
				CLANG_ANALYZER_NONNULL = YES;
				CLANG_CXX_LANGUAGE_STANDARD = "gnu++0x";
				CLANG_CXX_LIBRARY = "libc++";
				CLANG_ENABLE_MODULES = YES;
				CLANG_ENABLE_OBJC_ARC = YES;
				CLANG_WARN_BOOL_CONVERSION = YES;
				CLANG_WARN_CONSTANT_CONVERSION = YES;
				CLANG_WARN_DIRECT_OBJC_ISA_USAGE = YES_ERROR;
				CLANG_WARN_DOCUMENTATION_COMMENTS = YES;
				CLANG_WARN_EMPTY_BODY = YES;
				CLANG_WARN_ENUM_CONVERSION = YES;
				CLANG_WARN_INFINITE_RECURSION = YES;
				CLANG_WARN_INT_CONVERSION = YES;
				CLANG_WARN_OBJC_ROOT_CLASS = YES_ERROR;
				CLANG_WARN_SUSPICIOUS_MOVES = YES;
				CLANG_WARN_UNREACHABLE_CODE = YES;
				CLANG_WARN__DUPLICATE_METHOD_MATCH = YES;
				"CODE_SIGN_IDENTITY[sdk=iphoneos*]" = "iPhone Developer";
				COPY_PHASE_STRIP = NO;
				DEBUG_INFORMATION_FORMAT = dwarf;
				ENABLE_STRICT_OBJC_MSGSEND = YES;
				ENABLE_TESTABILITY = YES;
				GCC_C_LANGUAGE_STANDARD = gnu99;
				GCC_DYNAMIC_NO_PIC = NO;
				GCC_NO_COMMON_BLOCKS = YES;
				GCC_OPTIMIZATION_LEVEL = 0;
				GCC_PREPROCESSOR_DEFINITIONS = (
					"DEBUG=1",
					"$(inherited)",
				);
				GCC_WARN_64_TO_32_BIT_CONVERSION = YES;
				GCC_WARN_ABOUT_RETURN_TYPE = YES_ERROR;
				GCC_WARN_UNDECLARED_SELECTOR = YES;
				GCC_WARN_UNINITIALIZED_AUTOS = YES_AGGRESSIVE;
				GCC_WARN_UNUSED_FUNCTION = YES;
				GCC_WARN_UNUSED_VARIABLE = YES;
				IPHONEOS_DEPLOYMENT_TARGET = 10.1;
				MTL_ENABLE_DEBUG_INFO = YES;
				ONLY_ACTIVE_ARCH = YES;
				SDKROOT = iphoneos;
				SWIFT_ACTIVE_COMPILATION_CONDITIONS = DEBUG;
				SWIFT_OPTIMIZATION_LEVEL = "-Onone";
				TARGETED_DEVICE_FAMILY = "1,2";
			};
			name = Debug;
		};
		26CD1D141E0D9B9A001C3181 /* Release */ = {
			isa = XCBuildConfiguration;
			buildSettings = {
				ALWAYS_SEARCH_USER_PATHS = NO;
				CLANG_ANALYZER_NONNULL = YES;
				CLANG_CXX_LANGUAGE_STANDARD = "gnu++0x";
				CLANG_CXX_LIBRARY = "libc++";
				CLANG_ENABLE_MODULES = YES;
				CLANG_ENABLE_OBJC_ARC = YES;
				CLANG_WARN_BOOL_CONVERSION = YES;
				CLANG_WARN_CONSTANT_CONVERSION = YES;
				CLANG_WARN_DIRECT_OBJC_ISA_USAGE = YES_ERROR;
				CLANG_WARN_DOCUMENTATION_COMMENTS = YES;
				CLANG_WARN_EMPTY_BODY = YES;
				CLANG_WARN_ENUM_CONVERSION = YES;
				CLANG_WARN_INFINITE_RECURSION = YES;
				CLANG_WARN_INT_CONVERSION = YES;
				CLANG_WARN_OBJC_ROOT_CLASS = YES_ERROR;
				CLANG_WARN_SUSPICIOUS_MOVES = YES;
				CLANG_WARN_UNREACHABLE_CODE = YES;
				CLANG_WARN__DUPLICATE_METHOD_MATCH = YES;
				"CODE_SIGN_IDENTITY[sdk=iphoneos*]" = "iPhone Developer";
				COPY_PHASE_STRIP = NO;
				DEBUG_INFORMATION_FORMAT = "dwarf-with-dsym";
				ENABLE_NS_ASSERTIONS = NO;
				ENABLE_STRICT_OBJC_MSGSEND = YES;
				GCC_C_LANGUAGE_STANDARD = gnu99;
				GCC_NO_COMMON_BLOCKS = YES;
				GCC_WARN_64_TO_32_BIT_CONVERSION = YES;
				GCC_WARN_ABOUT_RETURN_TYPE = YES_ERROR;
				GCC_WARN_UNDECLARED_SELECTOR = YES;
				GCC_WARN_UNINITIALIZED_AUTOS = YES_AGGRESSIVE;
				GCC_WARN_UNUSED_FUNCTION = YES;
				GCC_WARN_UNUSED_VARIABLE = YES;
				IPHONEOS_DEPLOYMENT_TARGET = 10.1;
				MTL_ENABLE_DEBUG_INFO = NO;
				SDKROOT = iphoneos;
				SWIFT_OPTIMIZATION_LEVEL = "-Owholemodule";
				TARGETED_DEVICE_FAMILY = "1,2";
				VALIDATE_PRODUCT = YES;
			};
			name = Release;
		};
		26CD1D161E0D9B9A001C3181 /* Debug */ = {
			isa = XCBuildConfiguration;
			buildSettings = {
				ASSETCATALOG_COMPILER_APPICON_NAME = AppIcon;
				INFOPLIST_FILE = tableSegue/Info.plist;
				LD_RUNPATH_SEARCH_PATHS = "$(inherited) @executable_path/Frameworks";
				PRODUCT_BUNDLE_IDENTIFIER = com.sane.tableSegue;
				PRODUCT_NAME = "$(TARGET_NAME)";
				SWIFT_VERSION = 3.0;
			};
			name = Debug;
		};
		26CD1D171E0D9B9A001C3181 /* Release */ = {
			isa = XCBuildConfiguration;
			buildSettings = {
				ASSETCATALOG_COMPILER_APPICON_NAME = AppIcon;
				INFOPLIST_FILE = tableSegue/Info.plist;
				LD_RUNPATH_SEARCH_PATHS = "$(inherited) @executable_path/Frameworks";
				PRODUCT_BUNDLE_IDENTIFIER = com.sane.tableSegue;
				PRODUCT_NAME = "$(TARGET_NAME)";
				SWIFT_VERSION = 3.0;
			};
			name = Release;
		};
		26CD1D191E0D9B9A001C3181 /* Debug */ = {
			isa = XCBuildConfiguration;
			buildSettings = {
				ALWAYS_EMBED_SWIFT_STANDARD_LIBRARIES = YES;
				BUNDLE_LOADER = "$(TEST_HOST)";
				INFOPLIST_FILE = tableSegueTests/Info.plist;
				LD_RUNPATH_SEARCH_PATHS = "$(inherited) @executable_path/Frameworks @loader_path/Frameworks";
				PRODUCT_BUNDLE_IDENTIFIER = com.sane.tableSegueTests;
				PRODUCT_NAME = "$(TARGET_NAME)";
				SWIFT_VERSION = 3.0;
				TEST_HOST = "$(BUILT_PRODUCTS_DIR)/tableSegue.app/tableSegue";
			};
			name = Debug;
		};
		26CD1D1A1E0D9B9A001C3181 /* Release */ = {
			isa = XCBuildConfiguration;
			buildSettings = {
				ALWAYS_EMBED_SWIFT_STANDARD_LIBRARIES = YES;
				BUNDLE_LOADER = "$(TEST_HOST)";
				INFOPLIST_FILE = tableSegueTests/Info.plist;
				LD_RUNPATH_SEARCH_PATHS = "$(inherited) @executable_path/Frameworks @loader_path/Frameworks";
				PRODUCT_BUNDLE_IDENTIFIER = com.sane.tableSegueTests;
				PRODUCT_NAME = "$(TARGET_NAME)";
				SWIFT_VERSION = 3.0;
				TEST_HOST = "$(BUILT_PRODUCTS_DIR)/tableSegue.app/tableSegue";
			};
			name = Release;
		};
		26CD1D1C1E0D9B9A001C3181 /* Debug */ = {
			isa = XCBuildConfiguration;
			buildSettings = {
				ALWAYS_EMBED_SWIFT_STANDARD_LIBRARIES = YES;
				INFOPLIST_FILE = tableSegueUITests/Info.plist;
				LD_RUNPATH_SEARCH_PATHS = "$(inherited) @executable_path/Frameworks @loader_path/Frameworks";
				PRODUCT_BUNDLE_IDENTIFIER = com.sane.tableSegueUITests;
				PRODUCT_NAME = "$(TARGET_NAME)";
				SWIFT_VERSION = 3.0;
				TEST_TARGET_NAME = tableSegue;
			};
			name = Debug;
		};
		26CD1D1D1E0D9B9A001C3181 /* Release */ = {
			isa = XCBuildConfiguration;
			buildSettings = {
				ALWAYS_EMBED_SWIFT_STANDARD_LIBRARIES = YES;
				INFOPLIST_FILE = tableSegueUITests/Info.plist;
				LD_RUNPATH_SEARCH_PATHS = "$(inherited) @executable_path/Frameworks @loader_path/Frameworks";
				PRODUCT_BUNDLE_IDENTIFIER = com.sane.tableSegueUITests;
				PRODUCT_NAME = "$(TARGET_NAME)";
				SWIFT_VERSION = 3.0;
				TEST_TARGET_NAME = tableSegue;
			};
			name = Release;
		};
/* End XCBuildConfiguration section */

/* Begin XCConfigurationList section */
		26CD1CE81E0D9B9A001C3181 /* Build configuration list for PBXProject "tableSegue" */ = {
			isa = XCConfigurationList;
			buildConfigurations = (
				26CD1D131E0D9B9A001C3181 /* Debug */,
				26CD1D141E0D9B9A001C3181 /* Release */,
			);
			defaultConfigurationIsVisible = 0;
			defaultConfigurationName = Release;
		};
		26CD1D151E0D9B9A001C3181 /* Build configuration list for PBXNativeTarget "tableSegue" */ = {
			isa = XCConfigurationList;
			buildConfigurations = (
				26CD1D161E0D9B9A001C3181 /* Debug */,
				26CD1D171E0D9B9A001C3181 /* Release */,
			);
			defaultConfigurationIsVisible = 0;
			defaultConfigurationName = Release;
		};
		26CD1D181E0D9B9A001C3181 /* Build configuration list for PBXNativeTarget "tableSegueTests" */ = {
			isa = XCConfigurationList;
			buildConfigurations = (
				26CD1D191E0D9B9A001C3181 /* Debug */,
				26CD1D1A1E0D9B9A001C3181 /* Release */,
			);
			defaultConfigurationIsVisible = 0;
			defaultConfigurationName = Release;
		};
		26CD1D1B1E0D9B9A001C3181 /* Build configuration list for PBXNativeTarget "tableSegueUITests" */ = {
			isa = XCConfigurationList;
			buildConfigurations = (
				26CD1D1C1E0D9B9A001C3181 /* Debug */,
				26CD1D1D1E0D9B9A001C3181 /* Release */,
			);
			defaultConfigurationIsVisible = 0;
			defaultConfigurationName = Release;
		};
/* End XCConfigurationList section */
	};
	rootObject = 26CD1CE51E0D9B9A001C3181 /* Project object */;
}
